// !$*UTF8*$!
{
	archiveVersion = 1;
	classes = {
	};
	objectVersion = 77;
	objects = {

/* Begin PBXBuildFile section */
		CC53AF5C2DDA450900EC3305 /* Assets.xcassets in Resources */ = {isa = PBXBuildFile; fileRef = CC53AF512DDA450900EC3305 /* Assets.xcassets */; };
		CC53AF5E2DDA450900EC3305 /* LaunchScreen.storyboard in Resources */ = {isa = PBXBuildFile; fileRef = CC53AF542DDA450900EC3305 /* LaunchScreen.storyboard */; };
		CC53AF602DDA450900EC3305 /* AppDelegate.swift in Sources */ = {isa = PBXBuildFile; fileRef = CC53AF502DDA450900EC3305 /* AppDelegate.swift */; };
		CC53AF612DDA450900EC3305 /* Memo.xcdatamodeld in Sources */ = {isa = PBXBuildFile; fileRef = CC53AF572DDA450900EC3305 /* Memo.xcdatamodeld */; };
		CC53AF622DDA450900EC3305 /* SceneDelegate.swift in Sources */ = {isa = PBXBuildFile; fileRef = CC53AF582DDA450900EC3305 /* SceneDelegate.swift */; };
		CC53AF6D2DDA450A00EC3305 /* FirstConnectionView.swift in Sources */ = {isa = PBXBuildFile; fileRef = CC53AF642DDA450A00EC3305 /* FirstConnectionView.swift */; };
		CC53AF6E2DDA450A00EC3305 /* ListViewController.swift in Sources */ = {isa = PBXBuildFile; fileRef = CC53AF6A2DDA450A00EC3305 /* ListViewController.swift */; };
		CC53AF6F2DDA450A00EC3305 /* MainViewController.swift in Sources */ = {isa = PBXBuildFile; fileRef = CC53AF692DDA450A00EC3305 /* MainViewController.swift */; };
		CC53AF702DDA450A00EC3305 /* UsersViewController.swift in Sources */ = {isa = PBXBuildFile; fileRef = CC53AF6B2DDA450A00EC3305 /* UsersViewController.swift */; };
		CC53AF712DDA450A00EC3305 /* MainView.swift in Sources */ = {isa = PBXBuildFile; fileRef = CC53AF652DDA450A00EC3305 /* MainView.swift */; };
		CC53AF722DDA450A00EC3305 /* FirstConnectionViewController.swift in Sources */ = {isa = PBXBuildFile; fileRef = CC53AF682DDA450A00EC3305 /* FirstConnectionViewController.swift */; };
		CC53AF732DDA450A00EC3305 /* ListView - TableViewCell.swift in Sources */ = {isa = PBXBuildFile; fileRef = CC53AF662DDA450A00EC3305 /* ListView - TableViewCell.swift */; };
/* End PBXBuildFile section */

/* Begin PBXContainerItemProxy section */
		CC53AF332DDA450100EC3305 /* PBXContainerItemProxy */ = {
			isa = PBXContainerItemProxy;
			containerPortal = CC53AF112DDA450000EC3305 /* Project object */;
			proxyType = 1;
			remoteGlobalIDString = CC53AF182DDA450000EC3305;
			remoteInfo = Memo;
		};
		CC53AF3D2DDA450100EC3305 /* PBXContainerItemProxy */ = {
			isa = PBXContainerItemProxy;
			containerPortal = CC53AF112DDA450000EC3305 /* Project object */;
			proxyType = 1;
			remoteGlobalIDString = CC53AF182DDA450000EC3305;
			remoteInfo = Memo;
		};
/* End PBXContainerItemProxy section */

/* Begin PBXFileReference section */
		CC53AF192DDA450000EC3305 /* Memo.app */ = {isa = PBXFileReference; explicitFileType = wrapper.application; includeInIndex = 0; path = Memo.app; sourceTree = BUILT_PRODUCTS_DIR; };
		CC53AF322DDA450100EC3305 /* MemoTests.xctest */ = {isa = PBXFileReference; explicitFileType = wrapper.cfbundle; includeInIndex = 0; path = MemoTests.xctest; sourceTree = BUILT_PRODUCTS_DIR; };
		CC53AF3C2DDA450100EC3305 /* MemoUITests.xctest */ = {isa = PBXFileReference; explicitFileType = wrapper.cfbundle; includeInIndex = 0; path = MemoUITests.xctest; sourceTree = BUILT_PRODUCTS_DIR; };
		CC53AF502DDA450900EC3305 /* AppDelegate.swift */ = {isa = PBXFileReference; lastKnownFileType = sourcecode.swift; path = AppDelegate.swift; sourceTree = "<group>"; };
		CC53AF512DDA450900EC3305 /* Assets.xcassets */ = {isa = PBXFileReference; lastKnownFileType = folder.assetcatalog; path = Assets.xcassets; sourceTree = "<group>"; };
		CC53AF522DDA450900EC3305 /* Info.plist */ = {isa = PBXFileReference; lastKnownFileType = text.plist.xml; path = Info.plist; sourceTree = "<group>"; };
		CC53AF532DDA450900EC3305 /* Base */ = {isa = PBXFileReference; lastKnownFileType = file.storyboard; name = Base; path = Base.lproj/LaunchScreen.storyboard; sourceTree = "<group>"; };
		CC53AF582DDA450900EC3305 /* SceneDelegate.swift */ = {isa = PBXFileReference; lastKnownFileType = sourcecode.swift; path = SceneDelegate.swift; sourceTree = "<group>"; };
		CC53AF5B2DDA450900EC3305 /* Memo.xcdatamodel */ = {isa = PBXFileReference; lastKnownFileType = wrapper.xcdatamodel; path = Memo.xcdatamodel; sourceTree = "<group>"; };
		CC53AF642DDA450A00EC3305 /* FirstConnectionView.swift */ = {isa = PBXFileReference; lastKnownFileType = sourcecode.swift; path = FirstConnectionView.swift; sourceTree = "<group>"; };
		CC53AF652DDA450A00EC3305 /* MainView.swift */ = {isa = PBXFileReference; lastKnownFileType = sourcecode.swift; path = MainView.swift; sourceTree = "<group>"; };
		CC53AF662DDA450A00EC3305 /* ListView - TableViewCell.swift */ = {isa = PBXFileReference; lastKnownFileType = sourcecode.swift; path = "ListView - TableViewCell.swift"; sourceTree = "<group>"; };
		CC53AF682DDA450A00EC3305 /* FirstConnectionViewController.swift */ = {isa = PBXFileReference; lastKnownFileType = sourcecode.swift; path = FirstConnectionViewController.swift; sourceTree = "<group>"; };
		CC53AF692DDA450A00EC3305 /* MainViewController.swift */ = {isa = PBXFileReference; lastKnownFileType = sourcecode.swift; path = MainViewController.swift; sourceTree = "<group>"; };
		CC53AF6A2DDA450A00EC3305 /* ListViewController.swift */ = {isa = PBXFileReference; lastKnownFileType = sourcecode.swift; path = ListViewController.swift; sourceTree = "<group>"; };
		CC53AF6B2DDA450A00EC3305 /* UsersViewController.swift */ = {isa = PBXFileReference; lastKnownFileType = sourcecode.swift; path = UsersViewController.swift; sourceTree = "<group>"; };
/* End PBXFileReference section */

/* Begin PBXFileSystemSynchronizedRootGroup section */
		CC53AF352DDA450100EC3305 /* MemoTests */ = {
			isa = PBXFileSystemSynchronizedRootGroup;
			path = MemoTests;
			sourceTree = "<group>";
		};
		CC53AF3F2DDA450100EC3305 /* MemoUITests */ = {
			isa = PBXFileSystemSynchronizedRootGroup;
			path = MemoUITests;
			sourceTree = "<group>";
		};
/* End PBXFileSystemSynchronizedRootGroup section */

/* Begin PBXFrameworksBuildPhase section */
		CC53AF162DDA450000EC3305 /* Frameworks */ = {
			isa = PBXFrameworksBuildPhase;
			buildActionMask = 2147483647;
			files = (
			);
			runOnlyForDeploymentPostprocessing = 0;
		};
		CC53AF2F2DDA450100EC3305 /* Frameworks */ = {
			isa = PBXFrameworksBuildPhase;
			buildActionMask = 2147483647;
			files = (
			);
			runOnlyForDeploymentPostprocessing = 0;
		};
		CC53AF392DDA450100EC3305 /* Frameworks */ = {
			isa = PBXFrameworksBuildPhase;
			buildActionMask = 2147483647;
			files = (
			);
			runOnlyForDeploymentPostprocessing = 0;
		};
/* End PBXFrameworksBuildPhase section */

/* Begin PBXGroup section */
		CC53AF102DDA450000EC3305 = {
			isa = PBXGroup;
			children = (
				CC53AF5A2DDA450900EC3305 /* Memo */,
				CC53AF352DDA450100EC3305 /* MemoTests */,
				CC53AF3F2DDA450100EC3305 /* MemoUITests */,
				CC53AF1A2DDA450000EC3305 /* Products */,
			);
			sourceTree = "<group>";
		};
		CC53AF1A2DDA450000EC3305 /* Products */ = {
			isa = PBXGroup;
			children = (
				CC53AF192DDA450000EC3305 /* Memo.app */,
				CC53AF322DDA450100EC3305 /* MemoTests.xctest */,
				CC53AF3C2DDA450100EC3305 /* MemoUITests.xctest */,
			);
			name = Products;
			sourceTree = "<group>";
		};
		CC53AF5A2DDA450900EC3305 /* Memo */ = {
			isa = PBXGroup;
			children = (
				CC53AF502DDA450900EC3305 /* AppDelegate.swift */,
				CC53AF582DDA450900EC3305 /* SceneDelegate.swift */,
				CC53AF742DDA469E00EC3305 /* Models */,
				CC53AF672DDA450A00EC3305 /* Views */,
				CC53AF6C2DDA450A00EC3305 /* Controllers */,
				CC53AF512DDA450900EC3305 /* Assets.xcassets */,
				CC53AF522DDA450900EC3305 /* Info.plist */,
				CC53AF542DDA450900EC3305 /* LaunchScreen.storyboard */,
			);
			path = Memo;
			sourceTree = "<group>";
		};
		CC53AF672DDA450A00EC3305 /* Views */ = {
			isa = PBXGroup;
			children = (
				CC53AF642DDA450A00EC3305 /* FirstConnectionView.swift */,
				CC53AF652DDA450A00EC3305 /* MainView.swift */,
				CC53AF662DDA450A00EC3305 /* ListView - TableViewCell.swift */,
			);
			path = Views;
			sourceTree = "<group>";
		};
		CC53AF6C2DDA450A00EC3305 /* Controllers */ = {
			isa = PBXGroup;
			children = (
				CC53AF682DDA450A00EC3305 /* FirstConnectionViewController.swift */,
				CC53AF692DDA450A00EC3305 /* MainViewController.swift */,
				CC53AF6A2DDA450A00EC3305 /* ListViewController.swift */,
				CC53AF6B2DDA450A00EC3305 /* UsersViewController.swift */,
			);
			path = Controllers;
			sourceTree = "<group>";
		};
		CC53AF742DDA469E00EC3305 /* Models */ = {
			isa = PBXGroup;
			children = (
				CC53AF572DDA450900EC3305 /* Memo.xcdatamodeld */,
			);
			path = Models;
			sourceTree = "<group>";
		};
/* End PBXGroup section */

/* Begin PBXNativeTarget section */
		CC53AF182DDA450000EC3305 /* Memo */ = {
			isa = PBXNativeTarget;
			buildConfigurationList = CC53AF452DDA450100EC3305 /* Build configuration list for PBXNativeTarget "Memo" */;
			buildPhases = (
				CC53AF152DDA450000EC3305 /* Sources */,
				CC53AF162DDA450000EC3305 /* Frameworks */,
				CC53AF172DDA450000EC3305 /* Resources */,
			);
			buildRules = (
			);
			dependencies = (
			);
			name = Memo;
			packageProductDependencies = (
			);
			productName = Memo;
			productReference = CC53AF192DDA450000EC3305 /* Memo.app */;
			productType = "com.apple.product-type.application";
		};
		CC53AF312DDA450100EC3305 /* MemoTests */ = {
			isa = PBXNativeTarget;
			buildConfigurationList = CC53AF4A2DDA450100EC3305 /* Build configuration list for PBXNativeTarget "MemoTests" */;
			buildPhases = (
				CC53AF2E2DDA450100EC3305 /* Sources */,
				CC53AF2F2DDA450100EC3305 /* Frameworks */,
				CC53AF302DDA450100EC3305 /* Resources */,
			);
			buildRules = (
			);
			dependencies = (
				CC53AF342DDA450100EC3305 /* PBXTargetDependency */,
			);
			fileSystemSynchronizedGroups = (
				CC53AF352DDA450100EC3305 /* MemoTests */,
			);
			name = MemoTests;
			packageProductDependencies = (
			);
			productName = MemoTests;
			productReference = CC53AF322DDA450100EC3305 /* MemoTests.xctest */;
			productType = "com.apple.product-type.bundle.unit-test";
		};
		CC53AF3B2DDA450100EC3305 /* MemoUITests */ = {
			isa = PBXNativeTarget;
			buildConfigurationList = CC53AF4D2DDA450100EC3305 /* Build configuration list for PBXNativeTarget "MemoUITests" */;
			buildPhases = (
				CC53AF382DDA450100EC3305 /* Sources */,
				CC53AF392DDA450100EC3305 /* Frameworks */,
				CC53AF3A2DDA450100EC3305 /* Resources */,
			);
			buildRules = (
			);
			dependencies = (
				CC53AF3E2DDA450100EC3305 /* PBXTargetDependency */,
			);
			fileSystemSynchronizedGroups = (
				CC53AF3F2DDA450100EC3305 /* MemoUITests */,
			);
			name = MemoUITests;
			packageProductDependencies = (
			);
			productName = MemoUITests;
			productReference = CC53AF3C2DDA450100EC3305 /* MemoUITests.xctest */;
			productType = "com.apple.product-type.bundle.ui-testing";
		};
/* End PBXNativeTarget section */

/* Begin PBXProject section */
		CC53AF112DDA450000EC3305 /* Project object */ = {
			isa = PBXProject;
			attributes = {
				BuildIndependentTargetsInParallel = 1;
				LastSwiftUpdateCheck = 1630;
				LastUpgradeCheck = 1630;
				TargetAttributes = {
					CC53AF182DDA450000EC3305 = {
						CreatedOnToolsVersion = 16.3;
					};
					CC53AF312DDA450100EC3305 = {
						CreatedOnToolsVersion = 16.3;
						TestTargetID = CC53AF182DDA450000EC3305;
					};
					CC53AF3B2DDA450100EC3305 = {
						CreatedOnToolsVersion = 16.3;
						TestTargetID = CC53AF182DDA450000EC3305;
					};
				};
			};
			buildConfigurationList = CC53AF142DDA450000EC3305 /* Build configuration list for PBXProject "Memo" */;
			developmentRegion = en;
			hasScannedForEncodings = 0;
			knownRegions = (
				en,
				Base,
			);
			mainGroup = CC53AF102DDA450000EC3305;
			minimizedProjectReferenceProxies = 1;
			preferredProjectObjectVersion = 77;
			productRefGroup = CC53AF1A2DDA450000EC3305 /* Products */;
			projectDirPath = "";
			projectRoot = "";
			targets = (
				CC53AF182DDA450000EC3305 /* Memo */,
				CC53AF312DDA450100EC3305 /* MemoTests */,
				CC53AF3B2DDA450100EC3305 /* MemoUITests */,
			);
		};
/* End PBXProject section */

/* Begin PBXResourcesBuildPhase section */
		CC53AF172DDA450000EC3305 /* Resources */ = {
			isa = PBXResourcesBuildPhase;
			buildActionMask = 2147483647;
			files = (
				CC53AF5C2DDA450900EC3305 /* Assets.xcassets in Resources */,
				CC53AF5E2DDA450900EC3305 /* LaunchScreen.storyboard in Resources */,
			);
			runOnlyForDeploymentPostprocessing = 0;
		};
		CC53AF302DDA450100EC3305 /* Resources */ = {
			isa = PBXResourcesBuildPhase;
			buildActionMask = 2147483647;
			files = (
			);
			runOnlyForDeploymentPostprocessing = 0;
		};
		CC53AF3A2DDA450100EC3305 /* Resources */ = {
			isa = PBXResourcesBuildPhase;
			buildActionMask = 2147483647;
			files = (
			);
			runOnlyForDeploymentPostprocessing = 0;
		};
/* End PBXResourcesBuildPhase section */

/* Begin PBXSourcesBuildPhase section */
		CC53AF152DDA450000EC3305 /* Sources */ = {
			isa = PBXSourcesBuildPhase;
			buildActionMask = 2147483647;
			files = (
				CC53AF602DDA450900EC3305 /* AppDelegate.swift in Sources */,
				CC53AF6D2DDA450A00EC3305 /* FirstConnectionView.swift in Sources */,
				CC53AF6E2DDA450A00EC3305 /* ListViewController.swift in Sources */,
				CC53AF6F2DDA450A00EC3305 /* MainViewController.swift in Sources */,
				CC53AF702DDA450A00EC3305 /* UsersViewController.swift in Sources */,
				CC53AF712DDA450A00EC3305 /* MainView.swift in Sources */,
				CC53AF722DDA450A00EC3305 /* FirstConnectionViewController.swift in Sources */,
				CC53AF732DDA450A00EC3305 /* ListView - TableViewCell.swift in Sources */,
				CC53AF612DDA450900EC3305 /* Memo.xcdatamodeld in Sources */,
				CC53AF622DDA450900EC3305 /* SceneDelegate.swift in Sources */,
			);
			runOnlyForDeploymentPostprocessing = 0;
		};
		CC53AF2E2DDA450100EC3305 /* Sources */ = {
			isa = PBXSourcesBuildPhase;
			buildActionMask = 2147483647;
			files = (
			);
			runOnlyForDeploymentPostprocessing = 0;
		};
		CC53AF382DDA450100EC3305 /* Sources */ = {
			isa = PBXSourcesBuildPhase;
			buildActionMask = 2147483647;
			files = (
			);
			runOnlyForDeploymentPostprocessing = 0;
		};
/* End PBXSourcesBuildPhase section */

/* Begin PBXTargetDependency section */
		CC53AF342DDA450100EC3305 /* PBXTargetDependency */ = {
			isa = PBXTargetDependency;
			target = CC53AF182DDA450000EC3305 /* Memo */;
			targetProxy = CC53AF332DDA450100EC3305 /* PBXContainerItemProxy */;
		};
		CC53AF3E2DDA450100EC3305 /* PBXTargetDependency */ = {
			isa = PBXTargetDependency;
			target = CC53AF182DDA450000EC3305 /* Memo */;
			targetProxy = CC53AF3D2DDA450100EC3305 /* PBXContainerItemProxy */;
		};
/* End PBXTargetDependency section */

/* Begin PBXVariantGroup section */
		CC53AF542DDA450900EC3305 /* LaunchScreen.storyboard */ = {
			isa = PBXVariantGroup;
			children = (
				CC53AF532DDA450900EC3305 /* Base */,
			);
			name = LaunchScreen.storyboard;
			sourceTree = "<group>";
		};
/* End PBXVariantGroup section */

/* Begin XCBuildConfiguration section */
		CC53AF462DDA450100EC3305 /* Debug */ = {
			isa = XCBuildConfiguration;
			buildSettings = {
				ASSETCATALOG_COMPILER_APPICON_NAME = AppIcon;
				ASSETCATALOG_COMPILER_GLOBAL_ACCENT_COLOR_NAME = AccentColor;
				CODE_SIGN_STYLE = Automatic;
				CURRENT_PROJECT_VERSION = 1;
				DEVELOPMENT_TEAM = 8JYJ5G29NY;
				GENERATE_INFOPLIST_FILE = YES;
				INFOPLIST_FILE = Memo/Info.plist;
				INFOPLIST_KEY_UIApplicationSupportsIndirectInputEvents = YES;
				INFOPLIST_KEY_UILaunchStoryboardName = LaunchScreen;
				INFOPLIST_KEY_UISupportedInterfaceOrientations_iPad = "UIInterfaceOrientationPortrait UIInterfaceOrientationPortraitUpsideDown UIInterfaceOrientationLandscapeLeft UIInterfaceOrientationLandscapeRight";
				INFOPLIST_KEY_UISupportedInterfaceOrientations_iPhone = "UIInterfaceOrientationPortrait UIInterfaceOrientationLandscapeLeft UIInterfaceOrientationLandscapeRight";
				LD_RUNPATH_SEARCH_PATHS = (
					"$(inherited)",
					"@executable_path/Frameworks",
				);
				MARKETING_VERSION = 1.0;
				PRODUCT_BUNDLE_IDENTIFIER = com.seonlin.Memo;
				PRODUCT_NAME = "$(TARGET_NAME)";
				SWIFT_EMIT_LOC_STRINGS = YES;
				SWIFT_VERSION = 5.0;
				TARGETED_DEVICE_FAMILY = "1,2";
			};
			name = Debug;
		};
		CC53AF472DDA450100EC3305 /* Release */ = {
			isa = XCBuildConfiguration;
			buildSettings = {
				ASSETCATALOG_COMPILER_APPICON_NAME = AppIcon;
				ASSETCATALOG_COMPILER_GLOBAL_ACCENT_COLOR_NAME = AccentColor;
				CODE_SIGN_STYLE = Automatic;
				CURRENT_PROJECT_VERSION = 1;
				DEVELOPMENT_TEAM = 8JYJ5G29NY;
				GENERATE_INFOPLIST_FILE = YES;
				INFOPLIST_FILE = Memo/Info.plist;
				INFOPLIST_KEY_UIApplicationSupportsIndirectInputEvents = YES;
				INFOPLIST_KEY_UILaunchStoryboardName = LaunchScreen;
				INFOPLIST_KEY_UISupportedInterfaceOrientations_iPad = "UIInterfaceOrientationPortrait UIInterfaceOrientationPortraitUpsideDown UIInterfaceOrientationLandscapeLeft UIInterfaceOrientationLandscapeRight";
				INFOPLIST_KEY_UISupportedInterfaceOrientations_iPhone = "UIInterfaceOrientationPortrait UIInterfaceOrientationLandscapeLeft UIInterfaceOrientationLandscapeRight";
				LD_RUNPATH_SEARCH_PATHS = (
					"$(inherited)",
					"@executable_path/Frameworks",
				);
				MARKETING_VERSION = 1.0;
				PRODUCT_BUNDLE_IDENTIFIER = com.seonlin.Memo;
				PRODUCT_NAME = "$(TARGET_NAME)";
				SWIFT_EMIT_LOC_STRINGS = YES;
				SWIFT_VERSION = 5.0;
				TARGETED_DEVICE_FAMILY = "1,2";
			};
			name = Release;
		};
		CC53AF482DDA450100EC3305 /* Debug */ = {
			isa = XCBuildConfiguration;
			buildSettings = {
				ALWAYS_SEARCH_USER_PATHS = NO;
				ASSETCATALOG_COMPILER_GENERATE_SWIFT_ASSET_SYMBOL_EXTENSIONS = YES;
				CLANG_ANALYZER_NONNULL = YES;
				CLANG_ANALYZER_NUMBER_OBJECT_CONVERSION = YES_AGGRESSIVE;
				CLANG_CXX_LANGUAGE_STANDARD = "gnu++20";
				CLANG_ENABLE_MODULES = YES;
				CLANG_ENABLE_OBJC_ARC = YES;
				CLANG_ENABLE_OBJC_WEAK = YES;
				CLANG_WARN_BLOCK_CAPTURE_AUTORELEASING = YES;
				CLANG_WARN_BOOL_CONVERSION = YES;
				CLANG_WARN_COMMA = YES;
				CLANG_WARN_CONSTANT_CONVERSION = YES;
				CLANG_WARN_DEPRECATED_OBJC_IMPLEMENTATIONS = YES;
				CLANG_WARN_DIRECT_OBJC_ISA_USAGE = YES_ERROR;
				CLANG_WARN_DOCUMENTATION_COMMENTS = YES;
				CLANG_WARN_EMPTY_BODY = YES;
				CLANG_WARN_ENUM_CONVERSION = YES;
				CLANG_WARN_INFINITE_RECURSION = YES;
				CLANG_WARN_INT_CONVERSION = YES;
				CLANG_WARN_NON_LITERAL_NULL_CONVERSION = YES;
				CLANG_WARN_OBJC_IMPLICIT_RETAIN_SELF = YES;
				CLANG_WARN_OBJC_LITERAL_CONVERSION = YES;
				CLANG_WARN_OBJC_ROOT_CLASS = YES_ERROR;
				CLANG_WARN_QUOTED_INCLUDE_IN_FRAMEWORK_HEADER = YES;
				CLANG_WARN_RANGE_LOOP_ANALYSIS = YES;
				CLANG_WARN_STRICT_PROTOTYPES = YES;
				CLANG_WARN_SUSPICIOUS_MOVE = YES;
				CLANG_WARN_UNGUARDED_AVAILABILITY = YES_AGGRESSIVE;
				CLANG_WARN_UNREACHABLE_CODE = YES;
				CLANG_WARN__DUPLICATE_METHOD_MATCH = YES;
				COPY_PHASE_STRIP = NO;
				DEBUG_INFORMATION_FORMAT = dwarf;
				DEVELOPMENT_TEAM = 8JYJ5G29NY;
				ENABLE_STRICT_OBJC_MSGSEND = YES;
				ENABLE_TESTABILITY = YES;
				ENABLE_USER_SCRIPT_SANDBOXING = YES;
				GCC_C_LANGUAGE_STANDARD = gnu17;
				GCC_DYNAMIC_NO_PIC = NO;
				GCC_NO_COMMON_BLOCKS = YES;
				GCC_OPTIMIZATION_LEVEL = 0;
				GCC_PREPROCESSOR_DEFINITIONS = (
					"DEBUG=1",
					"$(inherited)",
				);
				GCC_WARN_64_TO_32_BIT_CONVERSION = YES;
				GCC_WARN_ABOUT_RETURN_TYPE = YES_ERROR;
				GCC_WARN_UNDECLARED_SELECTOR = YES;
				GCC_WARN_UNINITIALIZED_AUTOS = YES_AGGRESSIVE;
				GCC_WARN_UNUSED_FUNCTION = YES;
				GCC_WARN_UNUSED_VARIABLE = YES;
				IPHONEOS_DEPLOYMENT_TARGET = 18.4;
				LOCALIZATION_PREFERS_STRING_CATALOGS = YES;
				MTL_ENABLE_DEBUG_INFO = INCLUDE_SOURCE;
				MTL_FAST_MATH = YES;
				ONLY_ACTIVE_ARCH = YES;
				SDKROOT = iphoneos;
				SWIFT_ACTIVE_COMPILATION_CONDITIONS = "DEBUG $(inherited)";
				SWIFT_OPTIMIZATION_LEVEL = "-Onone";
			};
			name = Debug;
		};
		CC53AF492DDA450100EC3305 /* Release */ = {
			isa = XCBuildConfiguration;
			buildSettings = {
				ALWAYS_SEARCH_USER_PATHS = NO;
				ASSETCATALOG_COMPILER_GENERATE_SWIFT_ASSET_SYMBOL_EXTENSIONS = YES;
				CLANG_ANALYZER_NONNULL = YES;
				CLANG_ANALYZER_NUMBER_OBJECT_CONVERSION = YES_AGGRESSIVE;
				CLANG_CXX_LANGUAGE_STANDARD = "gnu++20";
				CLANG_ENABLE_MODULES = YES;
				CLANG_ENABLE_OBJC_ARC = YES;
				CLANG_ENABLE_OBJC_WEAK = YES;
				CLANG_WARN_BLOCK_CAPTURE_AUTORELEASING = YES;
				CLANG_WARN_BOOL_CONVERSION = YES;
				CLANG_WARN_COMMA = YES;
				CLANG_WARN_CONSTANT_CONVERSION = YES;
				CLANG_WARN_DEPRECATED_OBJC_IMPLEMENTATIONS = YES;
				CLANG_WARN_DIRECT_OBJC_ISA_USAGE = YES_ERROR;
				CLANG_WARN_DOCUMENTATION_COMMENTS = YES;
				CLANG_WARN_EMPTY_BODY = YES;
				CLANG_WARN_ENUM_CONVERSION = YES;
				CLANG_WARN_INFINITE_RECURSION = YES;
				CLANG_WARN_INT_CONVERSION = YES;
				CLANG_WARN_NON_LITERAL_NULL_CONVERSION = YES;
				CLANG_WARN_OBJC_IMPLICIT_RETAIN_SELF = YES;
				CLANG_WARN_OBJC_LITERAL_CONVERSION = YES;
				CLANG_WARN_OBJC_ROOT_CLASS = YES_ERROR;
				CLANG_WARN_QUOTED_INCLUDE_IN_FRAMEWORK_HEADER = YES;
				CLANG_WARN_RANGE_LOOP_ANALYSIS = YES;
				CLANG_WARN_STRICT_PROTOTYPES = YES;
				CLANG_WARN_SUSPICIOUS_MOVE = YES;
				CLANG_WARN_UNGUARDED_AVAILABILITY = YES_AGGRESSIVE;
				CLANG_WARN_UNREACHABLE_CODE = YES;
				CLANG_WARN__DUPLICATE_METHOD_MATCH = YES;
				COPY_PHASE_STRIP = NO;
				DEBUG_INFORMATION_FORMAT = "dwarf-with-dsym";
				DEVELOPMENT_TEAM = 8JYJ5G29NY;
				ENABLE_NS_ASSERTIONS = NO;
				ENABLE_STRICT_OBJC_MSGSEND = YES;
				ENABLE_USER_SCRIPT_SANDBOXING = YES;
				GCC_C_LANGUAGE_STANDARD = gnu17;
				GCC_NO_COMMON_BLOCKS = YES;
				GCC_WARN_64_TO_32_BIT_CONVERSION = YES;
				GCC_WARN_ABOUT_RETURN_TYPE = YES_ERROR;
				GCC_WARN_UNDECLARED_SELECTOR = YES;
				GCC_WARN_UNINITIALIZED_AUTOS = YES_AGGRESSIVE;
				GCC_WARN_UNUSED_FUNCTION = YES;
				GCC_WARN_UNUSED_VARIABLE = YES;
				IPHONEOS_DEPLOYMENT_TARGET = 18.4;
				LOCALIZATION_PREFERS_STRING_CATALOGS = YES;
				MTL_ENABLE_DEBUG_INFO = NO;
				MTL_FAST_MATH = YES;
				SDKROOT = iphoneos;
				SWIFT_COMPILATION_MODE = wholemodule;
				VALIDATE_PRODUCT = YES;
			};
			name = Release;
		};
		CC53AF4B2DDA450100EC3305 /* Debug */ = {
			isa = XCBuildConfiguration;
			buildSettings = {
				BUNDLE_LOADER = "$(TEST_HOST)";
				CODE_SIGN_STYLE = Automatic;
				CURRENT_PROJECT_VERSION = 1;
				DEVELOPMENT_TEAM = 8JYJ5G29NY;
				GENERATE_INFOPLIST_FILE = YES;
				IPHONEOS_DEPLOYMENT_TARGET = 18.4;
				MARKETING_VERSION = 1.0;
				PRODUCT_BUNDLE_IDENTIFIER = com.seonlin.MemoTests;
				PRODUCT_NAME = "$(TARGET_NAME)";
				SWIFT_EMIT_LOC_STRINGS = NO;
				SWIFT_VERSION = 5.0;
				TARGETED_DEVICE_FAMILY = "1,2";
				TEST_HOST = "$(BUILT_PRODUCTS_DIR)/Memo.app/$(BUNDLE_EXECUTABLE_FOLDER_PATH)/Memo";
			};
			name = Debug;
		};
		CC53AF4C2DDA450100EC3305 /* Release */ = {
			isa = XCBuildConfiguration;
			buildSettings = {
				BUNDLE_LOADER = "$(TEST_HOST)";
				CODE_SIGN_STYLE = Automatic;
				CURRENT_PROJECT_VERSION = 1;
				DEVELOPMENT_TEAM = 8JYJ5G29NY;
				GENERATE_INFOPLIST_FILE = YES;
				IPHONEOS_DEPLOYMENT_TARGET = 18.4;
				MARKETING_VERSION = 1.0;
				PRODUCT_BUNDLE_IDENTIFIER = com.seonlin.MemoTests;
				PRODUCT_NAME = "$(TARGET_NAME)";
				SWIFT_EMIT_LOC_STRINGS = NO;
				SWIFT_VERSION = 5.0;
				TARGETED_DEVICE_FAMILY = "1,2";
				TEST_HOST = "$(BUILT_PRODUCTS_DIR)/Memo.app/$(BUNDLE_EXECUTABLE_FOLDER_PATH)/Memo";
			};
			name = Release;
		};
		CC53AF4E2DDA450100EC3305 /* Debug */ = {
			isa = XCBuildConfiguration;
			buildSettings = {
				CODE_SIGN_STYLE = Automatic;
				CURRENT_PROJECT_VERSION = 1;
				DEVELOPMENT_TEAM = 8JYJ5G29NY;
				GENERATE_INFOPLIST_FILE = YES;
				MARKETING_VERSION = 1.0;
				PRODUCT_BUNDLE_IDENTIFIER = com.seonlin.MemoUITests;
				PRODUCT_NAME = "$(TARGET_NAME)";
				SWIFT_EMIT_LOC_STRINGS = NO;
				SWIFT_VERSION = 5.0;
				TARGETED_DEVICE_FAMILY = "1,2";
				TEST_TARGET_NAME = Memo;
			};
			name = Debug;
		};
		CC53AF4F2DDA450100EC3305 /* Release */ = {
			isa = XCBuildConfiguration;
			buildSettings = {
				CODE_SIGN_STYLE = Automatic;
				CURRENT_PROJECT_VERSION = 1;
				DEVELOPMENT_TEAM = 8JYJ5G29NY;
				GENERATE_INFOPLIST_FILE = YES;
				MARKETING_VERSION = 1.0;
				PRODUCT_BUNDLE_IDENTIFIER = com.seonlin.MemoUITests;
				PRODUCT_NAME = "$(TARGET_NAME)";
				SWIFT_EMIT_LOC_STRINGS = NO;
				SWIFT_VERSION = 5.0;
				TARGETED_DEVICE_FAMILY = "1,2";
				TEST_TARGET_NAME = Memo;
			};
			name = Release;
		};
/* End XCBuildConfiguration section */

/* Begin XCConfigurationList section */
		CC53AF142DDA450000EC3305 /* Build configuration list for PBXProject "Memo" */ = {
			isa = XCConfigurationList;
			buildConfigurations = (
				CC53AF482DDA450100EC3305 /* Debug */,
				CC53AF492DDA450100EC3305 /* Release */,
			);
			defaultConfigurationIsVisible = 0;
			defaultConfigurationName = Release;
		};
		CC53AF452DDA450100EC3305 /* Build configuration list for PBXNativeTarget "Memo" */ = {
			isa = XCConfigurationList;
			buildConfigurations = (
				CC53AF462DDA450100EC3305 /* Debug */,
				CC53AF472DDA450100EC3305 /* Release */,
			);
			defaultConfigurationIsVisible = 0;
			defaultConfigurationName = Release;
		};
		CC53AF4A2DDA450100EC3305 /* Build configuration list for PBXNativeTarget "MemoTests" */ = {
			isa = XCConfigurationList;
			buildConfigurations = (
				CC53AF4B2DDA450100EC3305 /* Debug */,
				CC53AF4C2DDA450100EC3305 /* Release */,
			);
			defaultConfigurationIsVisible = 0;
			defaultConfigurationName = Release;
		};
		CC53AF4D2DDA450100EC3305 /* Build configuration list for PBXNativeTarget "MemoUITests" */ = {
			isa = XCConfigurationList;
			buildConfigurations = (
				CC53AF4E2DDA450100EC3305 /* Debug */,
				CC53AF4F2DDA450100EC3305 /* Release */,
			);
			defaultConfigurationIsVisible = 0;
			defaultConfigurationName = Release;
		};
/* End XCConfigurationList section */

/* Begin XCVersionGroup section */
		CC53AF572DDA450900EC3305 /* Memo.xcdatamodeld */ = {
			isa = XCVersionGroup;
			children = (
				CC53AF5B2DDA450900EC3305 /* Memo.xcdatamodel */,
			);
			currentVersion = CC53AF5B2DDA450900EC3305 /* Memo.xcdatamodel */;
			path = Memo.xcdatamodeld;
			sourceTree = "<group>";
			versionGroupType = wrapper.xcdatamodel;
		};
/* End XCVersionGroup section */
	};
	rootObject = CC53AF112DDA450000EC3305 /* Project object */;
}
